
Microsoft Visual Studio Solution File, Format Version 12.00
Project("{FAE04EC0-301F-11D3-BF4B-00C04F79EFBC}") = "SgBlogApi.CreatePost", "src\SgBlogApi.CreatePost\SgBlogApi.CreatePost.csproj", "{39949FC3-1E5A-4F7A-B791-60A7E321D23D}"
EndProject
Project("{FAE04EC0-301F-11D3-BF4B-00C04F79EFBC}") = "SgBlogApi.Core", "src\SgBlogApi.Core\SgBlogApi.Core.csproj", "{41D85994-C413-46D0-9A05-86433D47F65A}"
EndProject
Project("{FAE04EC0-301F-11D3-BF4B-00C04F79EFBC}") = "SgBlogApi.UnitTests", "src\SgBlogApi.UnitTests\SgBlogApi.UnitTests.csproj", "{CD52FD31-5AFE-417A-8D91-0261E0AD2168}"
EndProject
Project("{FAE04EC0-301F-11D3-BF4B-00C04F79EFBC}") = "SgBlogApi.GetPost", "src\SgBlogApi.GetPost\SgBlogApi.GetPost.csproj", "{979A552A-5DD7-4B7B-84B5-776BCCFB42D9}"
EndProject
Project("{FAE04EC0-301F-11D3-BF4B-00C04F79EFBC}") = "SgBlogApi.UpdatePost", "src\SgBlogApi.UpdatePost\SgBlogApi.UpdatePost.csproj", "{97258B02-13C0-4931-835E-061F1562A162}"
EndProject
Project("{FAE04EC0-301F-11D3-BF4B-00C04F79EFBC}") = "SgBlogApi.DeletePost", "src\SgBlogApi.DeletePost\SgBlogApi.DeletePost.csproj", "{93503A9F-5230-4403-8561-C1940CECAC91}"
EndProject
Project("{FAE04EC0-301F-11D3-BF4B-00C04F79EFBC}") = "SgBlogApi.ListPost", "src\SgBlogApi.ListPost\SgBlogApi.ListPost.csproj", "{DA078109-3F52-4E76-855D-0B53960D3AF9}"
EndProject
Project("{FAE04EC0-301F-11D3-BF4B-00C04F79EFBC}") = "SgBlogApi.IntegrationTests", "src\SgBlogApi.IntegrationTests\SgBlogApi.IntegrationTests.csproj", "{CCF38B31-7E7A-4E17-9A17-66EBC8D3C60C}"
EndProject
Global
	GlobalSection(SolutionConfigurationPlatforms) = preSolution
		Debug|Any CPU = Debug|Any CPU
		Release|Any CPU = Release|Any CPU
	EndGlobalSection
	GlobalSection(ProjectConfigurationPlatforms) = postSolution
		{39949FC3-1E5A-4F7A-B791-60A7E321D23D}.Debug|Any CPU.ActiveCfg = Debug|Any CPU
		{39949FC3-1E5A-4F7A-B791-60A7E321D23D}.Debug|Any CPU.Build.0 = Debug|Any CPU
		{39949FC3-1E5A-4F7A-B791-60A7E321D23D}.Release|Any CPU.ActiveCfg = Release|Any CPU
		{39949FC3-1E5A-4F7A-B791-60A7E321D23D}.Release|Any CPU.Build.0 = Release|Any CPU
		{41D85994-C413-46D0-9A05-86433D47F65A}.Debug|Any CPU.ActiveCfg = Debug|Any CPU
		{41D85994-C413-46D0-9A05-86433D47F65A}.Debug|Any CPU.Build.0 = Debug|Any CPU
		{41D85994-C413-46D0-9A05-86433D47F65A}.Release|Any CPU.ActiveCfg = Release|Any CPU
		{41D85994-C413-46D0-9A05-86433D47F65A}.Release|Any CPU.Build.0 = Release|Any CPU
		{CD52FD31-5AFE-417A-8D91-0261E0AD2168}.Debug|Any CPU.ActiveCfg = Debug|Any CPU
		{CD52FD31-5AFE-417A-8D91-0261E0AD2168}.Debug|Any CPU.Build.0 = Debug|Any CPU
		{CD52FD31-5AFE-417A-8D91-0261E0AD2168}.Release|Any CPU.ActiveCfg = Release|Any CPU
		{CD52FD31-5AFE-417A-8D91-0261E0AD2168}.Release|Any CPU.Build.0 = Release|Any CPU
		{979A552A-5DD7-4B7B-84B5-776BCCFB42D9}.Debug|Any CPU.ActiveCfg = Debug|Any CPU
		{979A552A-5DD7-4B7B-84B5-776BCCFB42D9}.Debug|Any CPU.Build.0 = Debug|Any CPU
		{979A552A-5DD7-4B7B-84B5-776BCCFB42D9}.Release|Any CPU.ActiveCfg = Release|Any CPU
		{979A552A-5DD7-4B7B-84B5-776BCCFB42D9}.Release|Any CPU.Build.0 = Release|Any CPU
		{97258B02-13C0-4931-835E-061F1562A162}.Debug|Any CPU.ActiveCfg = Debug|Any CPU
		{97258B02-13C0-4931-835E-061F1562A162}.Debug|Any CPU.Build.0 = Debug|Any CPU
		{97258B02-13C0-4931-835E-061F1562A162}.Release|Any CPU.ActiveCfg = Release|Any CPU
		{97258B02-13C0-4931-835E-061F1562A162}.Release|Any CPU.Build.0 = Release|Any CPU
		{93503A9F-5230-4403-8561-C1940CECAC91}.Debug|Any CPU.ActiveCfg = Debug|Any CPU
		{93503A9F-5230-4403-8561-C1940CECAC91}.Debug|Any CPU.Build.0 = Debug|Any CPU
		{93503A9F-5230-4403-8561-C1940CECAC91}.Release|Any CPU.ActiveCfg = Release|Any CPU
		{93503A9F-5230-4403-8561-C1940CECAC91}.Release|Any CPU.Build.0 = Release|Any CPU
		{DA078109-3F52-4E76-855D-0B53960D3AF9}.Debug|Any CPU.ActiveCfg = Debug|Any CPU
		{DA078109-3F52-4E76-855D-0B53960D3AF9}.Debug|Any CPU.Build.0 = Debug|Any CPU
		{DA078109-3F52-4E76-855D-0B53960D3AF9}.Release|Any CPU.ActiveCfg = Release|Any CPU
		{DA078109-3F52-4E76-855D-0B53960D3AF9}.Release|Any CPU.Build.0 = Release|Any CPU
		{CCF38B31-7E7A-4E17-9A17-66EBC8D3C60C}.Debug|Any CPU.ActiveCfg = Debug|Any CPU
		{CCF38B31-7E7A-4E17-9A17-66EBC8D3C60C}.Debug|Any CPU.Build.0 = Debug|Any CPU
		{CCF38B31-7E7A-4E17-9A17-66EBC8D3C60C}.Release|Any CPU.ActiveCfg = Release|Any CPU
		{CCF38B31-7E7A-4E17-9A17-66EBC8D3C60C}.Release|Any CPU.Build.0 = Release|Any CPU
	EndGlobalSection
EndGlobal
