
Microsoft Visual Studio Solution File, Format Version 12.00
Project("{FAE04EC0-301F-11D3-BF4B-00C04F79EFBC}") = "SgBlogApi.CreatePost", "src\SgBlogApi.CreatePost\SgBlogApi.CreatePost.csproj", "{39949FC3-1E5A-4F7A-B791-60A7E321D23D}"
EndProject
Project("{FAE04EC0-301F-11D3-BF4B-00C04F79EFBC}") = "SgBlogApi.Core", "src\SgBlogApi.Core\SgBlogApi.Core.csproj", "{41D85994-C413-46D0-9A05-86433D47F65A}"
EndProject
Global
	GlobalSection(SolutionConfigurationPlatforms) = preSolution
		Debug|Any CPU = Debug|Any CPU
		Release|Any CPU = Release|Any CPU
	EndGlobalSection
	GlobalSection(ProjectConfigurationPlatforms) = postSolution
		{39949FC3-1E5A-4F7A-B791-60A7E321D23D}.Debug|Any CPU.ActiveCfg = Debug|Any CPU
		{39949FC3-1E5A-4F7A-B791-60A7E321D23D}.Debug|Any CPU.Build.0 = Debug|Any CPU
		{39949FC3-1E5A-4F7A-B791-60A7E321D23D}.Release|Any CPU.ActiveCfg = Release|Any CPU
		{39949FC3-1E5A-4F7A-B791-60A7E321D23D}.Release|Any CPU.Build.0 = Release|Any CPU
		{41D85994-C413-46D0-9A05-86433D47F65A}.Debug|Any CPU.ActiveCfg = Debug|Any CPU
		{41D85994-C413-46D0-9A05-86433D47F65A}.Debug|Any CPU.Build.0 = Debug|Any CPU
		{41D85994-C413-46D0-9A05-86433D47F65A}.Release|Any CPU.ActiveCfg = Release|Any CPU
		{41D85994-C413-46D0-9A05-86433D47F65A}.Release|Any CPU.Build.0 = Release|Any CPU
	EndGlobalSection
EndGlobal
